
Microsoft Visual Studio Solution File, Format Version 12.00
# Visual Studio Version 17
VisualStudioVersion = 17.2.32505.173
MinimumVisualStudioVersion = 10.0.40219.1
Project("{FAE04EC0-301F-11D3-BF4B-00C04F79EFBC}") = "VehicleRepair", "VehicleRepair\VehicleRepair.csproj", "{D57471F6-A6D5-42E8-9171-453B61E9912D}"
EndProject
Project("{FAE04EC0-301F-11D3-BF4B-00C04F79EFBC}") = "VehicleRepair.Tests", "VehicleRepair.Tests\VehicleRepair.Tests.csproj", "{15769D70-E541-4F2C-8B77-7FC0E6275F4D}"
EndProject
Global
	GlobalSection(SolutionConfigurationPlatforms) = preSolution
		Debug|Any CPU = Debug|Any CPU
		Release|Any CPU = Release|Any CPU
	EndGlobalSection
	GlobalSection(ProjectConfigurationPlatforms) = postSolution
		{D57471F6-A6D5-42E8-9171-453B61E9912D}.Debug|Any CPU.ActiveCfg = Debug|Any CPU
		{D57471F6-A6D5-42E8-9171-453B61E9912D}.Debug|Any CPU.Build.0 = Debug|Any CPU
		{D57471F6-A6D5-42E8-9171-453B61E9912D}.Release|Any CPU.ActiveCfg = Release|Any CPU
		{D57471F6-A6D5-42E8-9171-453B61E9912D}.Release|Any CPU.Build.0 = Release|Any CPU
		{15769D70-E541-4F2C-8B77-7FC0E6275F4D}.Debug|Any CPU.ActiveCfg = Debug|Any CPU
		{15769D70-E541-4F2C-8B77-7FC0E6275F4D}.Debug|Any CPU.Build.0 = Debug|Any CPU
		{15769D70-E541-4F2C-8B77-7FC0E6275F4D}.Release|Any CPU.ActiveCfg = Release|Any CPU
		{15769D70-E541-4F2C-8B77-7FC0E6275F4D}.Release|Any CPU.Build.0 = Release|Any CPU
	EndGlobalSection
	GlobalSection(SolutionProperties) = preSolution
		HideSolutionNode = FALSE
	EndGlobalSection
	GlobalSection(ExtensibilityGlobals) = postSolution
		SolutionGuid = {00B741C7-85D0-44D3-8E1C-F12A94768759}
	EndGlobalSection
EndGlobal
